
Microsoft Visual Studio Solution File, Format Version 12.00
# Visual Studio Version 16
VisualStudioVersion = 16.0.29806.167
MinimumVisualStudioVersion = 10.0.40219.1
Project("{9A19103F-16F7-4668-BE54-9A1E7A4F7556}") = "CSVtoDBLoader", "CSVtoDBLoader\CSVtoDBLoader.csproj", "{3CA69153-60DB-489F-B0B2-0EB63FAC66D7}"
EndProject
Project("{00D1A9C2-B5F0-4AF3-8072-F6C62B433612}") = "Database1", "Database1\Database1.sqlproj", "{51CAEA49-5A8F-4234-8DBC-895EE09BFE8B}"
EndProject
Global
	GlobalSection(SolutionConfigurationPlatforms) = preSolution
		Debug|Any CPU = Debug|Any CPU
		Release|Any CPU = Release|Any CPU
	EndGlobalSection
	GlobalSection(ProjectConfigurationPlatforms) = postSolution
		{3CA69153-60DB-489F-B0B2-0EB63FAC66D7}.Debug|Any CPU.ActiveCfg = Debug|Any CPU
		{3CA69153-60DB-489F-B0B2-0EB63FAC66D7}.Debug|Any CPU.Build.0 = Debug|Any CPU
		{3CA69153-60DB-489F-B0B2-0EB63FAC66D7}.Release|Any CPU.ActiveCfg = Release|Any CPU
		{3CA69153-60DB-489F-B0B2-0EB63FAC66D7}.Release|Any CPU.Build.0 = Release|Any CPU
		{51CAEA49-5A8F-4234-8DBC-895EE09BFE8B}.Debug|Any CPU.ActiveCfg = Debug|Any CPU
		{51CAEA49-5A8F-4234-8DBC-895EE09BFE8B}.Debug|Any CPU.Build.0 = Debug|Any CPU
		{51CAEA49-5A8F-4234-8DBC-895EE09BFE8B}.Debug|Any CPU.Deploy.0 = Debug|Any CPU
		{51CAEA49-5A8F-4234-8DBC-895EE09BFE8B}.Release|Any CPU.ActiveCfg = Release|Any CPU
		{51CAEA49-5A8F-4234-8DBC-895EE09BFE8B}.Release|Any CPU.Build.0 = Release|Any CPU
		{51CAEA49-5A8F-4234-8DBC-895EE09BFE8B}.Release|Any CPU.Deploy.0 = Release|Any CPU
	EndGlobalSection
	GlobalSection(SolutionProperties) = preSolution
		HideSolutionNode = FALSE
	EndGlobalSection
	GlobalSection(ExtensibilityGlobals) = postSolution
		SolutionGuid = {A4A7232A-CDFE-4C67-B91A-556C0AA7ED93}
	EndGlobalSection
EndGlobal
